// !$*UTF8*$!
{
	archiveVersion = 1;
	classes = {
	};
	objectVersion = 50;
	objects = {

/* Begin PBXBuildFile section */
		857F75312309D12700CAFE7B /* AppDelegate.swift in Sources */ = {isa = PBXBuildFile; fileRef = 857F75302309D12700CAFE7B /* AppDelegate.swift */; };
		857F75332309D12700CAFE7B /* ViewController.swift in Sources */ = {isa = PBXBuildFile; fileRef = 857F75322309D12700CAFE7B /* ViewController.swift */; };
		857F75362309D12700CAFE7B /* Main.storyboard in Resources */ = {isa = PBXBuildFile; fileRef = 857F75342309D12700CAFE7B /* Main.storyboard */; };
		857F75392309D12700CAFE7B /* googleNews.xcdatamodeld in Sources */ = {isa = PBXBuildFile; fileRef = 857F75372309D12700CAFE7B /* googleNews.xcdatamodeld */; };
		857F753B2309D12E00CAFE7B /* Assets.xcassets in Resources */ = {isa = PBXBuildFile; fileRef = 857F753A2309D12E00CAFE7B /* Assets.xcassets */; };
		857F753E2309D12E00CAFE7B /* LaunchScreen.storyboard in Resources */ = {isa = PBXBuildFile; fileRef = 857F753C2309D12E00CAFE7B /* LaunchScreen.storyboard */; };
		857F75462309D7DB00CAFE7B /* PieceOfNews .swift in Sources */ = {isa = PBXBuildFile; fileRef = 857F75452309D7DB00CAFE7B /* PieceOfNews .swift */; };
		857F75482309DB4700CAFE7B /* News.swift in Sources */ = {isa = PBXBuildFile; fileRef = 857F75472309DB4700CAFE7B /* News.swift */; };
		857F754A230AE5A600CAFE7B /* DetailViewController.swift in Sources */ = {isa = PBXBuildFile; fileRef = 857F7549230AE5A600CAFE7B /* DetailViewController.swift */; };
/* End PBXBuildFile section */

/* Begin PBXFileReference section */
		857F752D2309D12700CAFE7B /* googleNews.app */ = {isa = PBXFileReference; explicitFileType = wrapper.application; includeInIndex = 0; path = googleNews.app; sourceTree = BUILT_PRODUCTS_DIR; };
		857F75302309D12700CAFE7B /* AppDelegate.swift */ = {isa = PBXFileReference; lastKnownFileType = sourcecode.swift; path = AppDelegate.swift; sourceTree = "<group>"; };
		857F75322309D12700CAFE7B /* ViewController.swift */ = {isa = PBXFileReference; lastKnownFileType = sourcecode.swift; path = ViewController.swift; sourceTree = "<group>"; };
		857F75352309D12700CAFE7B /* Base */ = {isa = PBXFileReference; lastKnownFileType = file.storyboard; name = Base; path = Base.lproj/Main.storyboard; sourceTree = "<group>"; };
		857F75382309D12700CAFE7B /* googleNews.xcdatamodel */ = {isa = PBXFileReference; lastKnownFileType = wrapper.xcdatamodel; path = googleNews.xcdatamodel; sourceTree = "<group>"; };
		857F753A2309D12E00CAFE7B /* Assets.xcassets */ = {isa = PBXFileReference; lastKnownFileType = folder.assetcatalog; path = Assets.xcassets; sourceTree = "<group>"; };
		857F753D2309D12E00CAFE7B /* Base */ = {isa = PBXFileReference; lastKnownFileType = file.storyboard; name = Base; path = Base.lproj/LaunchScreen.storyboard; sourceTree = "<group>"; };
		857F753F2309D12E00CAFE7B /* Info.plist */ = {isa = PBXFileReference; lastKnownFileType = text.plist.xml; path = Info.plist; sourceTree = "<group>"; };
		857F75452309D7DB00CAFE7B /* PieceOfNews .swift */ = {isa = PBXFileReference; lastKnownFileType = sourcecode.swift; path = "PieceOfNews .swift"; sourceTree = "<group>"; };
		857F75472309DB4700CAFE7B /* News.swift */ = {isa = PBXFileReference; lastKnownFileType = sourcecode.swift; path = News.swift; sourceTree = "<group>"; };
		857F7549230AE5A600CAFE7B /* DetailViewController.swift */ = {isa = PBXFileReference; lastKnownFileType = sourcecode.swift; path = DetailViewController.swift; sourceTree = "<group>"; };
/* End PBXFileReference section */

/* Begin PBXFrameworksBuildPhase section */
		857F752A2309D12700CAFE7B /* Frameworks */ = {
			isa = PBXFrameworksBuildPhase;
			buildActionMask = 2147483647;
			files = (
			);
			runOnlyForDeploymentPostprocessing = 0;
		};
/* End PBXFrameworksBuildPhase section */

/* Begin PBXGroup section */
		857F75242309D12700CAFE7B = {
			isa = PBXGroup;
			children = (
				857F752F2309D12700CAFE7B /* googleNews */,
				857F752E2309D12700CAFE7B /* Products */,
			);
			sourceTree = "<group>";
		};
		857F752E2309D12700CAFE7B /* Products */ = {
			isa = PBXGroup;
			children = (
				857F752D2309D12700CAFE7B /* googleNews.app */,
			);
			name = Products;
			sourceTree = "<group>";
		};
		857F752F2309D12700CAFE7B /* googleNews */ = {
			isa = PBXGroup;
			children = (
				857F75302309D12700CAFE7B /* AppDelegate.swift */,
				857F75322309D12700CAFE7B /* ViewController.swift */,
				857F7549230AE5A600CAFE7B /* DetailViewController.swift */,
				857F75472309DB4700CAFE7B /* News.swift */,
				857F75452309D7DB00CAFE7B /* PieceOfNews .swift */,
				857F75342309D12700CAFE7B /* Main.storyboard */,
				857F753A2309D12E00CAFE7B /* Assets.xcassets */,
				857F753C2309D12E00CAFE7B /* LaunchScreen.storyboard */,
				857F753F2309D12E00CAFE7B /* Info.plist */,
				857F75372309D12700CAFE7B /* googleNews.xcdatamodeld */,
			);
			path = googleNews;
			sourceTree = "<group>";
		};
/* End PBXGroup section */

/* Begin PBXNativeTarget section */
		857F752C2309D12700CAFE7B /* googleNews */ = {
			isa = PBXNativeTarget;
			buildConfigurationList = 857F75422309D12E00CAFE7B /* Build configuration list for PBXNativeTarget "googleNews" */;
			buildPhases = (
				857F75292309D12700CAFE7B /* Sources */,
				857F752A2309D12700CAFE7B /* Frameworks */,
				857F752B2309D12700CAFE7B /* Resources */,
			);
			buildRules = (
			);
			dependencies = (
			);
			name = googleNews;
			productName = googleNews;
			productReference = 857F752D2309D12700CAFE7B /* googleNews.app */;
			productType = "com.apple.product-type.application";
		};
/* End PBXNativeTarget section */

/* Begin PBXProject section */
		857F75252309D12700CAFE7B /* Project object */ = {
			isa = PBXProject;
			attributes = {
				LastSwiftUpdateCheck = 1010;
				LastUpgradeCheck = 1010;
				ORGANIZATIONNAME = Stminchuk;
				TargetAttributes = {
					857F752C2309D12700CAFE7B = {
						CreatedOnToolsVersion = 10.1;
					};
				};
			};
			buildConfigurationList = 857F75282309D12700CAFE7B /* Build configuration list for PBXProject "googleNews" */;
			compatibilityVersion = "Xcode 9.3";
			developmentRegion = en;
			hasScannedForEncodings = 0;
			knownRegions = (
				en,
				Base,
			);
			mainGroup = 857F75242309D12700CAFE7B;
			productRefGroup = 857F752E2309D12700CAFE7B /* Products */;
			projectDirPath = "";
			projectRoot = "";
			targets = (
				857F752C2309D12700CAFE7B /* googleNews */,
			);
		};
/* End PBXProject section */

/* Begin PBXResourcesBuildPhase section */
		857F752B2309D12700CAFE7B /* Resources */ = {
			isa = PBXResourcesBuildPhase;
			buildActionMask = 2147483647;
			files = (
				857F753E2309D12E00CAFE7B /* LaunchScreen.storyboard in Resources */,
				857F753B2309D12E00CAFE7B /* Assets.xcassets in Resources */,
				857F75362309D12700CAFE7B /* Main.storyboard in Resources */,
			);
			runOnlyForDeploymentPostprocessing = 0;
		};
/* End PBXResourcesBuildPhase section */

/* Begin PBXSourcesBuildPhase section */
		857F75292309D12700CAFE7B /* Sources */ = {
			isa = PBXSourcesBuildPhase;
			buildActionMask = 2147483647;
			files = (
				857F75332309D12700CAFE7B /* ViewController.swift in Sources */,
				857F75462309D7DB00CAFE7B /* PieceOfNews .swift in Sources */,
				857F75392309D12700CAFE7B /* googleNews.xcdatamodeld in Sources */,
				857F754A230AE5A600CAFE7B /* DetailViewController.swift in Sources */,
				857F75312309D12700CAFE7B /* AppDelegate.swift in Sources */,
				857F75482309DB4700CAFE7B /* News.swift in Sources */,
			);
			runOnlyForDeploymentPostprocessing = 0;
		};
/* End PBXSourcesBuildPhase section */

/* Begin PBXVariantGroup section */
		857F75342309D12700CAFE7B /* Main.storyboard */ = {
			isa = PBXVariantGroup;
			children = (
				857F75352309D12700CAFE7B /* Base */,
			);
			name = Main.storyboard;
			sourceTree = "<group>";
		};
		857F753C2309D12E00CAFE7B /* LaunchScreen.storyboard */ = {
			isa = PBXVariantGroup;
			children = (
				857F753D2309D12E00CAFE7B /* Base */,
			);
			name = LaunchScreen.storyboard;
			sourceTree = "<group>";
		};
/* End PBXVariantGroup section */

/* Begin XCBuildConfiguration section */
		857F75402309D12E00CAFE7B /* Debug */ = {
			isa = XCBuildConfiguration;
			buildSettings = {
				ALWAYS_SEARCH_USER_PATHS = NO;
				CLANG_ANALYZER_NONNULL = YES;
				CLANG_ANALYZER_NUMBER_OBJECT_CONVERSION = YES_AGGRESSIVE;
				CLANG_CXX_LANGUAGE_STANDARD = "gnu++14";
				CLANG_CXX_LIBRARY = "libc++";
				CLANG_ENABLE_MODULES = YES;
				CLANG_ENABLE_OBJC_ARC = YES;
				CLANG_ENABLE_OBJC_WEAK = YES;
				CLANG_WARN_BLOCK_CAPTURE_AUTORELEASING = YES;
				CLANG_WARN_BOOL_CONVERSION = YES;
				CLANG_WARN_COMMA = YES;
				CLANG_WARN_CONSTANT_CONVERSION = YES;
				CLANG_WARN_DEPRECATED_OBJC_IMPLEMENTATIONS = YES;
				CLANG_WARN_DIRECT_OBJC_ISA_USAGE = YES_ERROR;
				CLANG_WARN_DOCUMENTATION_COMMENTS = YES;
				CLANG_WARN_EMPTY_BODY = YES;
				CLANG_WARN_ENUM_CONVERSION = YES;
				CLANG_WARN_INFINITE_RECURSION = YES;
				CLANG_WARN_INT_CONVERSION = YES;
				CLANG_WARN_NON_LITERAL_NULL_CONVERSION = YES;
				CLANG_WARN_OBJC_IMPLICIT_RETAIN_SELF = YES;
				CLANG_WARN_OBJC_LITERAL_CONVERSION = YES;
				CLANG_WARN_OBJC_ROOT_CLASS = YES_ERROR;
				CLANG_WARN_RANGE_LOOP_ANALYSIS = YES;
				CLANG_WARN_STRICT_PROTOTYPES = YES;
				CLANG_WARN_SUSPICIOUS_MOVE = YES;
				CLANG_WARN_UNGUARDED_AVAILABILITY = YES_AGGRESSIVE;
				CLANG_WARN_UNREACHABLE_CODE = YES;
				CLANG_WARN__DUPLICATE_METHOD_MATCH = YES;
				CODE_SIGN_IDENTITY = "iPhone Developer";
				COPY_PHASE_STRIP = NO;
				DEBUG_INFORMATION_FORMAT = dwarf;
				ENABLE_STRICT_OBJC_MSGSEND = YES;
				ENABLE_TESTABILITY = YES;
				GCC_C_LANGUAGE_STANDARD = gnu11;
				GCC_DYNAMIC_NO_PIC = NO;
				GCC_NO_COMMON_BLOCKS = YES;
				GCC_OPTIMIZATION_LEVEL = 0;
				GCC_PREPROCESSOR_DEFINITIONS = (
					"DEBUG=1",
					"$(inherited)",
				);
				GCC_WARN_64_TO_32_BIT_CONVERSION = YES;
				GCC_WARN_ABOUT_RETURN_TYPE = YES_ERROR;
				GCC_WARN_UNDECLARED_SELECTOR = YES;
				GCC_WARN_UNINITIALIZED_AUTOS = YES_AGGRESSIVE;
				GCC_WARN_UNUSED_FUNCTION = YES;
				GCC_WARN_UNUSED_VARIABLE = YES;
				IPHONEOS_DEPLOYMENT_TARGET = 12.1;
				MTL_ENABLE_DEBUG_INFO = INCLUDE_SOURCE;
				MTL_FAST_MATH = YES;
				ONLY_ACTIVE_ARCH = YES;
				SDKROOT = iphoneos;
				SWIFT_ACTIVE_COMPILATION_CONDITIONS = DEBUG;
				SWIFT_OPTIMIZATION_LEVEL = "-Onone";
			};
			name = Debug;
		};
		857F75412309D12E00CAFE7B /* Release */ = {
			isa = XCBuildConfiguration;
			buildSettings = {
				ALWAYS_SEARCH_USER_PATHS = NO;
				CLANG_ANALYZER_NONNULL = YES;
				CLANG_ANALYZER_NUMBER_OBJECT_CONVERSION = YES_AGGRESSIVE;
				CLANG_CXX_LANGUAGE_STANDARD = "gnu++14";
				CLANG_CXX_LIBRARY = "libc++";
				CLANG_ENABLE_MODULES = YES;
				CLANG_ENABLE_OBJC_ARC = YES;
				CLANG_ENABLE_OBJC_WEAK = YES;
				CLANG_WARN_BLOCK_CAPTURE_AUTORELEASING = YES;
				CLANG_WARN_BOOL_CONVERSION = YES;
				CLANG_WARN_COMMA = YES;
				CLANG_WARN_CONSTANT_CONVERSION = YES;
				CLANG_WARN_DEPRECATED_OBJC_IMPLEMENTATIONS = YES;
				CLANG_WARN_DIRECT_OBJC_ISA_USAGE = YES_ERROR;
				CLANG_WARN_DOCUMENTATION_COMMENTS = YES;
				CLANG_WARN_EMPTY_BODY = YES;
				CLANG_WARN_ENUM_CONVERSION = YES;
				CLANG_WARN_INFINITE_RECURSION = YES;
				CLANG_WARN_INT_CONVERSION = YES;
				CLANG_WARN_NON_LITERAL_NULL_CONVERSION = YES;
				CLANG_WARN_OBJC_IMPLICIT_RETAIN_SELF = YES;
				CLANG_WARN_OBJC_LITERAL_CONVERSION = YES;
				CLANG_WARN_OBJC_ROOT_CLASS = YES_ERROR;
				CLANG_WARN_RANGE_LOOP_ANALYSIS = YES;
				CLANG_WARN_STRICT_PROTOTYPES = YES;
				CLANG_WARN_SUSPICIOUS_MOVE = YES;
				CLANG_WARN_UNGUARDED_AVAILABILITY = YES_AGGRESSIVE;
				CLANG_WARN_UNREACHABLE_CODE = YES;
				CLANG_WARN__DUPLICATE_METHOD_MATCH = YES;
				CODE_SIGN_IDENTITY = "iPhone Developer";
				COPY_PHASE_STRIP = NO;
				DEBUG_INFORMATION_FORMAT = "dwarf-with-dsym";
				ENABLE_NS_ASSERTIONS = NO;
				ENABLE_STRICT_OBJC_MSGSEND = YES;
				GCC_C_LANGUAGE_STANDARD = gnu11;
				GCC_NO_COMMON_BLOCKS = YES;
				GCC_WARN_64_TO_32_BIT_CONVERSION = YES;
				GCC_WARN_ABOUT_RETURN_TYPE = YES_ERROR;
				GCC_WARN_UNDECLARED_SELECTOR = YES;
				GCC_WARN_UNINITIALIZED_AUTOS = YES_AGGRESSIVE;
				GCC_WARN_UNUSED_FUNCTION = YES;
				GCC_WARN_UNUSED_VARIABLE = YES;
				IPHONEOS_DEPLOYMENT_TARGET = 12.1;
				MTL_ENABLE_DEBUG_INFO = NO;
				MTL_FAST_MATH = YES;
				SDKROOT = iphoneos;
				SWIFT_COMPILATION_MODE = wholemodule;
				SWIFT_OPTIMIZATION_LEVEL = "-O";
				VALIDATE_PRODUCT = YES;
			};
			name = Release;
		};
		857F75432309D12E00CAFE7B /* Debug */ = {
			isa = XCBuildConfiguration;
			buildSettings = {
				ALWAYS_EMBED_SWIFT_STANDARD_LIBRARIES = NO;
				ASSETCATALOG_COMPILER_APPICON_NAME = AppIcon;
				CODE_SIGN_IDENTITY = "iPhone Developer";
				CODE_SIGN_STYLE = Automatic;
				DEVELOPMENT_TEAM = 83H6A623AA;
				INFOPLIST_FILE = googleNews/Info.plist;
				LD_RUNPATH_SEARCH_PATHS = (
					"$(inherited)",
					"@executable_path/Frameworks",
				);
				PRODUCT_BUNDLE_IDENTIFIER = com.stminchuk.googleNews;
				PRODUCT_NAME = "$(TARGET_NAME)";
				PROVISIONING_PROFILE_SPECIFIER = "";
				SWIFT_VERSION = 4.2;
				TARGETED_DEVICE_FAMILY = "1,2";
			};
			name = Debug;
		};
		857F75442309D12E00CAFE7B /* Release */ = {
			isa = XCBuildConfiguration;
			buildSettings = {
				ALWAYS_EMBED_SWIFT_STANDARD_LIBRARIES = NO;
				ASSETCATALOG_COMPILER_APPICON_NAME = AppIcon;
				CODE_SIGN_IDENTITY = "iPhone Developer";
				CODE_SIGN_STYLE = Automatic;
				DEVELOPMENT_TEAM = 83H6A623AA;
				INFOPLIST_FILE = googleNews/Info.plist;
				LD_RUNPATH_SEARCH_PATHS = (
					"$(inherited)",
					"@executable_path/Frameworks",
				);
				PRODUCT_BUNDLE_IDENTIFIER = com.stminchuk.googleNews;
				PRODUCT_NAME = "$(TARGET_NAME)";
				PROVISIONING_PROFILE_SPECIFIER = "";
				SWIFT_VERSION = 4.2;
				TARGETED_DEVICE_FAMILY = "1,2";
			};
			name = Release;
		};
/* End XCBuildConfiguration section */

/* Begin XCConfigurationList section */
		857F75282309D12700CAFE7B /* Build configuration list for PBXProject "googleNews" */ = {
			isa = XCConfigurationList;
			buildConfigurations = (
				857F75402309D12E00CAFE7B /* Debug */,
				857F75412309D12E00CAFE7B /* Release */,
			);
			defaultConfigurationIsVisible = 0;
			defaultConfigurationName = Release;
		};
		857F75422309D12E00CAFE7B /* Build configuration list for PBXNativeTarget "googleNews" */ = {
			isa = XCConfigurationList;
			buildConfigurations = (
				857F75432309D12E00CAFE7B /* Debug */,
				857F75442309D12E00CAFE7B /* Release */,
			);
			defaultConfigurationIsVisible = 0;
			defaultConfigurationName = Release;
		};
/* End XCConfigurationList section */

/* Begin XCVersionGroup section */
		857F75372309D12700CAFE7B /* googleNews.xcdatamodeld */ = {
			isa = XCVersionGroup;
			children = (
				857F75382309D12700CAFE7B /* googleNews.xcdatamodel */,
			);
			currentVersion = 857F75382309D12700CAFE7B /* googleNews.xcdatamodel */;
			path = googleNews.xcdatamodeld;
			sourceTree = "<group>";
			versionGroupType = wrapper.xcdatamodel;
		};
/* End XCVersionGroup section */
	};
	rootObject = 857F75252309D12700CAFE7B /* Project object */;
}
